
Microsoft Visual Studio Solution File, Format Version 12.00
# Visual Studio Version 17
VisualStudioVersion = 17.14.36109.1 d17.14
MinimumVisualStudioVersion = 10.0.40219.1
Project("{FAE04EC0-301F-11D3-BF4B-00C04F79EFBC}") = "RIPT1307-BTL", "RIPT1307-BTL.csproj", "{D2BDBB62-C46F-42DF-B769-1021734FDEF7}"
EndProject
Global
	GlobalSection(SolutionConfigurationPlatforms) = preSolution
		Debug|Any CPU = Debug|Any CPU
		Release|Any CPU = Release|Any CPU
	EndGlobalSection
	GlobalSection(ProjectConfigurationPlatforms) = postSolution
		{D2BDBB62-C46F-42DF-B769-1021734FDEF7}.Debug|Any CPU.ActiveCfg = Debug|Any CPU
		{D2BDBB62-C46F-42DF-B769-1021734FDEF7}.Debug|Any CPU.Build.0 = Debug|Any CPU
		{D2BDBB62-C46F-42DF-B769-1021734FDEF7}.Release|Any CPU.ActiveCfg = Release|Any CPU
		{D2BDBB62-C46F-42DF-B769-1021734FDEF7}.Release|Any CPU.Build.0 = Release|Any CPU
	EndGlobalSection
	GlobalSection(SolutionProperties) = preSolution
		HideSolutionNode = FALSE
	EndGlobalSection
	GlobalSection(ExtensibilityGlobals) = postSolution
		SolutionGuid = {0BC1CC97-C957-41FB-9751-77936E7380A6}
	EndGlobalSection
EndGlobal
